
Microsoft Visual Studio Solution File, Format Version 12.00
# Visual Studio Version 16
VisualStudioVersion = 16.0.32901.82
MinimumVisualStudioVersion = 10.0.40219.1
Project("{FAE04EC0-301F-11D3-BF4B-00C04F79EFBC}") = "BE.PICBIN.API", "BE.PICBIN.API\BE.PICBIN.API.csproj", "{C96D01B1-4F8F-442A-8C95-FADE6DD2F878}"
EndProject
Project("{FAE04EC0-301F-11D3-BF4B-00C04F79EFBC}") = "BE.PICBIN.BL", "BE.PICBIN.BL\BE.PICBIN.BL.csproj", "{19D60888-4394-4E33-80A3-6D592EB36B5A}"
EndProject
Project("{FAE04EC0-301F-11D3-BF4B-00C04F79EFBC}") = "BE.PICBIN.DL", "BE.PICBIN.DL\BE.PICBIN.DL.csproj", "{0A1C4A9E-7D0B-4BBE-AFD2-67E26973791E}"
EndProject
Global
	GlobalSection(SolutionConfigurationPlatforms) = preSolution
		Debug|Any CPU = Debug|Any CPU
		Release|Any CPU = Release|Any CPU
	EndGlobalSection
	GlobalSection(ProjectConfigurationPlatforms) = postSolution
		{C96D01B1-4F8F-442A-8C95-FADE6DD2F878}.Debug|Any CPU.ActiveCfg = Debug|Any CPU
		{C96D01B1-4F8F-442A-8C95-FADE6DD2F878}.Debug|Any CPU.Build.0 = Debug|Any CPU
		{C96D01B1-4F8F-442A-8C95-FADE6DD2F878}.Release|Any CPU.ActiveCfg = Release|Any CPU
		{C96D01B1-4F8F-442A-8C95-FADE6DD2F878}.Release|Any CPU.Build.0 = Release|Any CPU
		{19D60888-4394-4E33-80A3-6D592EB36B5A}.Debug|Any CPU.ActiveCfg = Debug|Any CPU
		{19D60888-4394-4E33-80A3-6D592EB36B5A}.Debug|Any CPU.Build.0 = Debug|Any CPU
		{19D60888-4394-4E33-80A3-6D592EB36B5A}.Release|Any CPU.ActiveCfg = Release|Any CPU
		{19D60888-4394-4E33-80A3-6D592EB36B5A}.Release|Any CPU.Build.0 = Release|Any CPU
		{0A1C4A9E-7D0B-4BBE-AFD2-67E26973791E}.Debug|Any CPU.ActiveCfg = Debug|Any CPU
		{0A1C4A9E-7D0B-4BBE-AFD2-67E26973791E}.Debug|Any CPU.Build.0 = Debug|Any CPU
		{0A1C4A9E-7D0B-4BBE-AFD2-67E26973791E}.Release|Any CPU.ActiveCfg = Release|Any CPU
		{0A1C4A9E-7D0B-4BBE-AFD2-67E26973791E}.Release|Any CPU.Build.0 = Release|Any CPU
	EndGlobalSection
	GlobalSection(SolutionProperties) = preSolution
		HideSolutionNode = FALSE
	EndGlobalSection
	GlobalSection(ExtensibilityGlobals) = postSolution
		SolutionGuid = {A9FCAC87-2D7E-4FC7-85E3-52379EBA07BE}
	EndGlobalSection
EndGlobal
